
Microsoft Visual Studio Solution File, Format Version 12.00
# Visual Studio Version 17
VisualStudioVersion = 17.14.36518.9 d17.14
MinimumVisualStudioVersion = 10.0.40219.1
Project("{FAE04EC0-301F-11D3-BF4B-00C04F79EFBC}") = "BatchEmailer", "BatchEmailer\BatchEmailer.csproj", "{DE2B0F67-0247-4F30-8AF6-5418A18DC305}"
EndProject
Global
	GlobalSection(SolutionConfigurationPlatforms) = preSolution
		Debug|Any CPU = Debug|Any CPU
		Release|Any CPU = Release|Any CPU
	EndGlobalSection
	GlobalSection(ProjectConfigurationPlatforms) = postSolution
		{DE2B0F67-0247-4F30-8AF6-5418A18DC305}.Debug|Any CPU.ActiveCfg = Debug|Any CPU
		{DE2B0F67-0247-4F30-8AF6-5418A18DC305}.Debug|Any CPU.Build.0 = Debug|Any CPU
		{DE2B0F67-0247-4F30-8AF6-5418A18DC305}.Release|Any CPU.ActiveCfg = Release|Any CPU
		{DE2B0F67-0247-4F30-8AF6-5418A18DC305}.Release|Any CPU.Build.0 = Release|Any CPU
	EndGlobalSection
	GlobalSection(SolutionProperties) = preSolution
		HideSolutionNode = FALSE
	EndGlobalSection
	GlobalSection(ExtensibilityGlobals) = postSolution
		SolutionGuid = {807015CD-86AE-4306-AB1D-D6750BE5BD51}
	EndGlobalSection
EndGlobal
